
Microsoft Visual Studio Solution File, Format Version 12.00
# Visual Studio Version 16
VisualStudioVersion = 16.0.31702.278
MinimumVisualStudioVersion = 10.0.40219.1
Project("{FAE04EC0-301F-11D3-BF4B-00C04F79EFBC}") = "Lib.WebUI", "Lib.WebUI.csproj", "{8E48DF82-A46E-4435-B4FB-AF4CFEA1BC72}"
EndProject
Global
	GlobalSection(SolutionConfigurationPlatforms) = preSolution
		Debug|Any CPU = Debug|Any CPU
		Release|Any CPU = Release|Any CPU
	EndGlobalSection
	GlobalSection(ProjectConfigurationPlatforms) = postSolution
		{8E48DF82-A46E-4435-B4FB-AF4CFEA1BC72}.Debug|Any CPU.ActiveCfg = Debug|Any CPU
		{8E48DF82-A46E-4435-B4FB-AF4CFEA1BC72}.Debug|Any CPU.Build.0 = Debug|Any CPU
		{8E48DF82-A46E-4435-B4FB-AF4CFEA1BC72}.Release|Any CPU.ActiveCfg = Release|Any CPU
		{8E48DF82-A46E-4435-B4FB-AF4CFEA1BC72}.Release|Any CPU.Build.0 = Release|Any CPU
	EndGlobalSection
	GlobalSection(SolutionProperties) = preSolution
		HideSolutionNode = FALSE
	EndGlobalSection
	GlobalSection(ExtensibilityGlobals) = postSolution
		SolutionGuid = {493ABA8F-09BA-4D9F-8A68-69CC7C15A8FD}
	EndGlobalSection
EndGlobal
